
Microsoft Visual Studio Solution File, Format Version 12.00
# Visual Studio Version 17
VisualStudioVersion = 17.13.35919.96 d17.13
MinimumVisualStudioVersion = 10.0.40219.1
Project("{FAE04EC0-301F-11D3-BF4B-00C04F79EFBC}") = "DeejNG", "DeejNG.csproj", "{13C22C87-1AD9-425B-AA5D-B9F6F6E1DD01}"
EndProject
Global
	GlobalSection(SolutionConfigurationPlatforms) = preSolution
		Debug|Any CPU = Debug|Any CPU
		Release|Any CPU = Release|Any CPU
	EndGlobalSection
	GlobalSection(ProjectConfigurationPlatforms) = postSolution
		{13C22C87-1AD9-425B-AA5D-B9F6F6E1DD01}.Debug|Any CPU.ActiveCfg = Debug|Any CPU
		{13C22C87-1AD9-425B-AA5D-B9F6F6E1DD01}.Debug|Any CPU.Build.0 = Debug|Any CPU
		{13C22C87-1AD9-425B-AA5D-B9F6F6E1DD01}.Release|Any CPU.ActiveCfg = Release|Any CPU
		{13C22C87-1AD9-425B-AA5D-B9F6F6E1DD01}.Release|Any CPU.Build.0 = Release|Any CPU
	EndGlobalSection
	GlobalSection(SolutionProperties) = preSolution
		HideSolutionNode = FALSE
	EndGlobalSection
	GlobalSection(ExtensibilityGlobals) = postSolution
		SolutionGuid = {570E7B6B-A918-4A07-9A95-6FF1494FF8CB}
	EndGlobalSection
EndGlobal
